
Microsoft Visual Studio Solution File, Format Version 12.00
# Visual Studio Version 17
VisualStudioVersion = 17.6.33723.286
MinimumVisualStudioVersion = 10.0.40219.1
Project("{8BC9CEB8-8B4A-11D0-8D11-00A0C91BC942}") = "SNAKE", "SNAKE\SNAKE.vcxproj", "{4115240F-4F8C-4D1F-8A60-0CE781E86961}"
EndProject
Project("{8BC9CEB8-8B4A-11D0-8D11-00A0C91BC942}") = "MenuKonsolowe - Szablon", "..\Szablony własne\MenuKonsolowe - Szablon\MenuKonsolowe - Szablon\MenuKonsolowe - Szablon.vcxproj", "{86A00F5D-036B-412E-84BB-FAE8351DCB37}"
EndProject
Global
	GlobalSection(SolutionConfigurationPlatforms) = preSolution
		Debug|x64 = Debug|x64
		Debug|x86 = Debug|x86
		Release|x64 = Release|x64
		Release|x86 = Release|x86
	EndGlobalSection
	GlobalSection(ProjectConfigurationPlatforms) = postSolution
		{4115240F-4F8C-4D1F-8A60-0CE781E86961}.Debug|x64.ActiveCfg = Debug|x64
		{4115240F-4F8C-4D1F-8A60-0CE781E86961}.Debug|x64.Build.0 = Debug|x64
		{4115240F-4F8C-4D1F-8A60-0CE781E86961}.Debug|x86.ActiveCfg = Debug|Win32
		{4115240F-4F8C-4D1F-8A60-0CE781E86961}.Debug|x86.Build.0 = Debug|Win32
		{4115240F-4F8C-4D1F-8A60-0CE781E86961}.Release|x64.ActiveCfg = Release|x64
		{4115240F-4F8C-4D1F-8A60-0CE781E86961}.Release|x64.Build.0 = Release|x64
		{4115240F-4F8C-4D1F-8A60-0CE781E86961}.Release|x86.ActiveCfg = Release|Win32
		{4115240F-4F8C-4D1F-8A60-0CE781E86961}.Release|x86.Build.0 = Release|Win32
		{86A00F5D-036B-412E-84BB-FAE8351DCB37}.Debug|x64.ActiveCfg = Debug|x64
		{86A00F5D-036B-412E-84BB-FAE8351DCB37}.Debug|x64.Build.0 = Debug|x64
		{86A00F5D-036B-412E-84BB-FAE8351DCB37}.Debug|x86.ActiveCfg = Debug|Win32
		{86A00F5D-036B-412E-84BB-FAE8351DCB37}.Debug|x86.Build.0 = Debug|Win32
		{86A00F5D-036B-412E-84BB-FAE8351DCB37}.Release|x64.ActiveCfg = Release|x64
		{86A00F5D-036B-412E-84BB-FAE8351DCB37}.Release|x64.Build.0 = Release|x64
		{86A00F5D-036B-412E-84BB-FAE8351DCB37}.Release|x86.ActiveCfg = Release|Win32
		{86A00F5D-036B-412E-84BB-FAE8351DCB37}.Release|x86.Build.0 = Release|Win32
	EndGlobalSection
	GlobalSection(SolutionProperties) = preSolution
		HideSolutionNode = FALSE
	EndGlobalSection
	GlobalSection(ExtensibilityGlobals) = postSolution
		SolutionGuid = {ACDBEABA-29C3-44BC-9C0A-722F191B0AC8}
	EndGlobalSection
EndGlobal
